{
  "name": "modlens",
  "lockfileVersion": 3,
  "requires": true,
  "packages": {
    "": {
      "dependencies": {
        "@liustack/modlens": "^3.17.0"
      }
    },
    "node_modules/@liustack/modlens": {
      "version": "3.17.0",
      "resolved": "https://repo.huaweicloud.com/repository/npm/@liustack/modlens/-/modlens-3.17.0.tgz",
      "integrity": "sha512-J5s1lqpDAHXu17D5EnegIcXU83EF2C6s/dq9citxwBSJyxqJSgRrPL/WWVqtuBSd16AilS3Am0xW70VU6PibPg==",
      "license": "MIT",
      "dependencies": {
        "commander": "^13.1.0",
        "undici": "^8.10.0"
      },
      "bin": {
        "modlens": "dist/main.js"
      },
      "engines": {
        "node": ">=22.19"
      }
    },
    "node_modules/commander": {
      "version": "13.1.0",
      "resolved": "https://repo.huaweicloud.com/repository/npm/commander/-/commander-13.1.0.tgz",
      "integrity": "sha512-/rFeCpNJQbhSZjGVwO9RFV3xPqbnERS8MmIQzCtD/zl6gpJuV/bMLuN92oG3F7d8oDEHHRrujSXNUr8fpjntKw==",
      "license": "MIT",
      "engines": {
        "node": ">=18"
      }
    },
    "node_modules/undici": {
      "version": "8.10.0",
      "resolved": "https://repo.huaweicloud.com/repository/npm/undici/-/undici-8.10.0.tgz",
      "integrity": "sha512-HvltHd7avK13QIw/oLe4qoOLyoVSoafqJ2jYOrtMRBkbYT31eiBQ8O0ehRKZiEZCMEyLFQNIADpgCWC5fALvYQ==",
      "license": "MIT",
      "engines": {
        "node": ">=22.19.0"
      }
    }
  }
}
